// !$*UTF8*$!
{
	archiveVersion = 1;
	classes = {
	};
	objectVersion = 50;
	objects = {

/* Begin PBXBuildFile section */
		6218D3866BBE794E70905F13 /* scratch_buffer.c in Sources */ = {isa = PBXBuildFile; fileRef = 6218D1526C40EFC0018B7C38 /* scratch_buffer.c */; };
		6218D389E92CAC710FF9A5F2 /* parser.c in Sources */ = {isa = PBXBuildFile; fileRef = 6218DA366051DEDE93908808 /* parser.c */; };
		6218DC21F37A434BBC640862 /* array.c in Sources */ = {isa = PBXBuildFile; fileRef = 6218D84E62A39D391E0D1C48 /* array.c */; };
		6218DCB2C64D0D786EB3DA1E /* fnv.c in Sources */ = {isa = PBXBuildFile; fileRef = 6218D57BF84999E61D3FDBC2 /* fnv.c */; };
		A90AA7A42103C85300287CFA /* main.c in Sources */ = {isa = PBXBuildFile; fileRef = A90AA7A32103C85300287CFA /* main.c */; };
		A90AA7AD2103C88600287CFA /* lexer.c in Sources */ = {isa = PBXBuildFile; fileRef = A90AA7AC2103C88600287CFA /* lexer.c */; };
		A90AA7B22103C9C700287CFA /* file.c in Sources */ = {isa = PBXBuildFile; fileRef = A90AA7B12103C9C700287CFA /* file.c */; };
		A90AA7B52103D09400287CFA /* debug.c in Sources */ = {isa = PBXBuildFile; fileRef = A90AA7B42103D09400287CFA /* debug.c */; };
/* End PBXBuildFile section */

/* Begin PBXCopyFilesBuildPhase section */
		A90AA79E2103C85300287CFA /* CopyFiles */ = {
			isa = PBXCopyFilesBuildPhase;
			buildActionMask = 2147483647;
			dstPath = /usr/share/man/man1/;
			dstSubfolderSpec = 0;
			files = (
			);
			runOnlyForDeploymentPostprocessing = 1;
		};
/* End PBXCopyFilesBuildPhase section */

/* Begin PBXFileReference section */
		6218D0F5D3677A365618D166 /* fnv.h */ = {isa = PBXFileReference; fileEncoding = 4; lastKnownFileType = sourcecode.c.h; path = fnv.h; sourceTree = "<group>"; };
		6218D1526C40EFC0018B7C38 /* scratch_buffer.c */ = {isa = PBXFileReference; fileEncoding = 4; lastKnownFileType = sourcecode.c.c; path = scratch_buffer.c; sourceTree = "<group>"; };
		6218D2CF821F06C4FD40EB37 /* titanos.y */ = {isa = PBXFileReference; fileEncoding = 4; lastKnownFileType = sourcecode.yacc; path = titanos.y; sourceTree = "<group>"; };
		6218D532DDF7BF83A31B9985 /* string_utils.h */ = {isa = PBXFileReference; fileEncoding = 4; lastKnownFileType = sourcecode.c.h; path = string_utils.h; sourceTree = "<group>"; };
		6218D55246C9BE00E8B9C494 /* parser.h */ = {isa = PBXFileReference; fileEncoding = 4; lastKnownFileType = sourcecode.c.h; path = parser.h; sourceTree = "<group>"; };
		6218D57BF84999E61D3FDBC2 /* fnv.c */ = {isa = PBXFileReference; fileEncoding = 4; lastKnownFileType = sourcecode.c.c; path = fnv.c; sourceTree = "<group>"; };
		6218D7CEB918C29AFCDD1C33 /* array.h */ = {isa = PBXFileReference; fileEncoding = 4; lastKnownFileType = sourcecode.c.h; path = array.h; sourceTree = "<group>"; };
		6218D84E62A39D391E0D1C48 /* array.c */ = {isa = PBXFileReference; fileEncoding = 4; lastKnownFileType = sourcecode.c.c; path = array.c; sourceTree = "<group>"; };
		6218DA366051DEDE93908808 /* parser.c */ = {isa = PBXFileReference; fileEncoding = 4; lastKnownFileType = sourcecode.c.c; path = parser.c; sourceTree = "<group>"; };
		6218DED0B8B4C10130ED335E /* scratch_buffer.h */ = {isa = PBXFileReference; fileEncoding = 4; lastKnownFileType = sourcecode.c.h; path = scratch_buffer.h; sourceTree = "<group>"; };
		A90AA7A02103C85300287CFA /* titanos */ = {isa = PBXFileReference; explicitFileType = "compiled.mach-o.executable"; includeInIndex = 0; path = titanos; sourceTree = BUILT_PRODUCTS_DIR; };
		A90AA7A32103C85300287CFA /* main.c */ = {isa = PBXFileReference; lastKnownFileType = sourcecode.c.c; path = main.c; sourceTree = "<group>"; };
		A90AA7AB2103C88600287CFA /* lexer.h */ = {isa = PBXFileReference; lastKnownFileType = sourcecode.c.h; path = lexer.h; sourceTree = "<group>"; };
		A90AA7AC2103C88600287CFA /* lexer.c */ = {isa = PBXFileReference; lastKnownFileType = sourcecode.c.c; path = lexer.c; sourceTree = "<group>"; };
		A90AA7AE2103C8E200287CFA /* common.h */ = {isa = PBXFileReference; lastKnownFileType = sourcecode.c.h; path = common.h; sourceTree = "<group>"; };
		A90AA7AF2103C95900287CFA /* test.ti */ = {isa = PBXFileReference; lastKnownFileType = file.ti; path = test.ti; sourceTree = "<group>"; };
		A90AA7B02103C9C700287CFA /* file.h */ = {isa = PBXFileReference; lastKnownFileType = sourcecode.c.h; path = file.h; sourceTree = "<group>"; };
		A90AA7B12103C9C700287CFA /* file.c */ = {isa = PBXFileReference; lastKnownFileType = sourcecode.c.c; path = file.c; sourceTree = "<group>"; };
		A90AA7B32103D09400287CFA /* debug.h */ = {isa = PBXFileReference; lastKnownFileType = sourcecode.c.h; path = debug.h; sourceTree = "<group>"; };
		A90AA7B42103D09400287CFA /* debug.c */ = {isa = PBXFileReference; lastKnownFileType = sourcecode.c.c; path = debug.c; sourceTree = "<group>"; };
/* End PBXFileReference section */

/* Begin PBXFrameworksBuildPhase section */
		A90AA79D2103C85300287CFA /* Frameworks */ = {
			isa = PBXFrameworksBuildPhase;
			buildActionMask = 2147483647;
			files = (
			);
			runOnlyForDeploymentPostprocessing = 0;
		};
/* End PBXFrameworksBuildPhase section */

/* Begin PBXGroup section */
		A90AA7972103C85300287CFA = {
			isa = PBXGroup;
			children = (
				A90AA7A22103C85300287CFA /* titanos */,
				A90AA7A12103C85300287CFA /* Products */,
			);
			sourceTree = "<group>";
		};
		A90AA7A12103C85300287CFA /* Products */ = {
			isa = PBXGroup;
			children = (
				A90AA7A02103C85300287CFA /* titanos */,
			);
			name = Products;
			sourceTree = "<group>";
		};
		A90AA7A22103C85300287CFA /* titanos */ = {
			isa = PBXGroup;
			children = (
				A90AA7AA2103C86300287CFA /* src */,
				A90AA7A32103C85300287CFA /* main.c */,
				A90AA7AF2103C95900287CFA /* test.ti */,
				6218D2CF821F06C4FD40EB37 /* titanos.y */,
			);
			path = titanos;
			sourceTree = "<group>";
		};
		A90AA7AA2103C86300287CFA /* src */ = {
			isa = PBXGroup;
			children = (
				A90AA7AB2103C88600287CFA /* lexer.h */,
				A90AA7AC2103C88600287CFA /* lexer.c */,
				A90AA7AE2103C8E200287CFA /* common.h */,
				A90AA7B02103C9C700287CFA /* file.h */,
				A90AA7B12103C9C700287CFA /* file.c */,
				A90AA7B32103D09400287CFA /* debug.h */,
				A90AA7B42103D09400287CFA /* debug.c */,
				6218DA366051DEDE93908808 /* parser.c */,
				6218D55246C9BE00E8B9C494 /* parser.h */,
				6218D532DDF7BF83A31B9985 /* string_utils.h */,
				6218D84E62A39D391E0D1C48 /* array.c */,
				6218D7CEB918C29AFCDD1C33 /* array.h */,
				6218D57BF84999E61D3FDBC2 /* fnv.c */,
				6218D0F5D3677A365618D166 /* fnv.h */,
				6218D1526C40EFC0018B7C38 /* scratch_buffer.c */,
				6218DED0B8B4C10130ED335E /* scratch_buffer.h */,
			);
			path = src;
			sourceTree = "<group>";
		};
/* End PBXGroup section */

/* Begin PBXNativeTarget section */
		A90AA79F2103C85300287CFA /* titanos */ = {
			isa = PBXNativeTarget;
			buildConfigurationList = A90AA7A72103C85300287CFA /* Build configuration list for PBXNativeTarget "titanos" */;
			buildPhases = (
				A90AA79C2103C85300287CFA /* Sources */,
				A90AA79D2103C85300287CFA /* Frameworks */,
				A90AA79E2103C85300287CFA /* CopyFiles */,
			);
			buildRules = (
			);
			dependencies = (
			);
			name = titanos;
			productName = titanos;
			productReference = A90AA7A02103C85300287CFA /* titanos */;
			productType = "com.apple.product-type.tool";
		};
/* End PBXNativeTarget section */

/* Begin PBXProject section */
		A90AA7982103C85300287CFA /* Project object */ = {
			isa = PBXProject;
			attributes = {
				LastUpgradeCheck = 0930;
				ORGANIZATIONNAME = "Christoffer Lerno";
				TargetAttributes = {
					A90AA79F2103C85300287CFA = {
						CreatedOnToolsVersion = 9.3;
					};
				};
			};
			buildConfigurationList = A90AA79B2103C85300287CFA /* Build configuration list for PBXProject "titanos" */;
			compatibilityVersion = "Xcode 9.3";
			developmentRegion = en;
			hasScannedForEncodings = 0;
			knownRegions = (
				en,
			);
			mainGroup = A90AA7972103C85300287CFA;
			productRefGroup = A90AA7A12103C85300287CFA /* Products */;
			projectDirPath = "";
			projectRoot = "";
			targets = (
				A90AA79F2103C85300287CFA /* titanos */,
			);
		};
/* End PBXProject section */

/* Begin PBXSourcesBuildPhase section */
		A90AA79C2103C85300287CFA /* Sources */ = {
			isa = PBXSourcesBuildPhase;
			buildActionMask = 2147483647;
			files = (
				A90AA7AD2103C88600287CFA /* lexer.c in Sources */,
				A90AA7A42103C85300287CFA /* main.c in Sources */,
				A90AA7B22103C9C700287CFA /* file.c in Sources */,
				A90AA7B52103D09400287CFA /* debug.c in Sources */,
				6218D389E92CAC710FF9A5F2 /* parser.c in Sources */,
				6218DC21F37A434BBC640862 /* array.c in Sources */,
				6218DCB2C64D0D786EB3DA1E /* fnv.c in Sources */,
				6218D3866BBE794E70905F13 /* scratch_buffer.c in Sources */,
			);
			runOnlyForDeploymentPostprocessing = 0;
		};
/* End PBXSourcesBuildPhase section */

/* Begin XCBuildConfiguration section */
		A90AA7A52103C85300287CFA /* Debug */ = {
			isa = XCBuildConfiguration;
			buildSettings = {
				ALWAYS_SEARCH_USER_PATHS = NO;
				CLANG_ANALYZER_NONNULL = YES;
				CLANG_ANALYZER_NUMBER_OBJECT_CONVERSION = YES_AGGRESSIVE;
				CLANG_CXX_LANGUAGE_STANDARD = "gnu++14";
				CLANG_CXX_LIBRARY = "libc++";
				CLANG_ENABLE_MODULES = YES;
				CLANG_ENABLE_OBJC_ARC = YES;
				CLANG_ENABLE_OBJC_WEAK = YES;
				CLANG_WARN_BLOCK_CAPTURE_AUTORELEASING = YES;
				CLANG_WARN_BOOL_CONVERSION = YES;
				CLANG_WARN_COMMA = YES;
				CLANG_WARN_CONSTANT_CONVERSION = YES;
				CLANG_WARN_DEPRECATED_OBJC_IMPLEMENTATIONS = YES;
				CLANG_WARN_DIRECT_OBJC_ISA_USAGE = YES_ERROR;
				CLANG_WARN_DOCUMENTATION_COMMENTS = YES;
				CLANG_WARN_EMPTY_BODY = YES;
				CLANG_WARN_ENUM_CONVERSION = YES;
				CLANG_WARN_INFINITE_RECURSION = YES;
				CLANG_WARN_INT_CONVERSION = YES;
				CLANG_WARN_NON_LITERAL_NULL_CONVERSION = YES;
				CLANG_WARN_OBJC_IMPLICIT_RETAIN_SELF = YES;
				CLANG_WARN_OBJC_LITERAL_CONVERSION = YES;
				CLANG_WARN_OBJC_ROOT_CLASS = YES_ERROR;
				CLANG_WARN_RANGE_LOOP_ANALYSIS = YES;
				CLANG_WARN_STRICT_PROTOTYPES = YES;
				CLANG_WARN_SUSPICIOUS_MOVE = YES;
				CLANG_WARN_UNGUARDED_AVAILABILITY = YES_AGGRESSIVE;
				CLANG_WARN_UNREACHABLE_CODE = YES;
				CLANG_WARN__DUPLICATE_METHOD_MATCH = YES;
				CODE_SIGN_IDENTITY = "-";
				COPY_PHASE_STRIP = NO;
				DEBUG_INFORMATION_FORMAT = dwarf;
				ENABLE_STRICT_OBJC_MSGSEND = YES;
				ENABLE_TESTABILITY = YES;
				GCC_C_LANGUAGE_STANDARD = gnu11;
				GCC_DYNAMIC_NO_PIC = NO;
				GCC_NO_COMMON_BLOCKS = YES;
				GCC_OPTIMIZATION_LEVEL = 0;
				GCC_PREPROCESSOR_DEFINITIONS = (
					"DEBUG=1",
					"$(inherited)",
				);
				GCC_WARN_64_TO_32_BIT_CONVERSION = YES;
				GCC_WARN_ABOUT_RETURN_TYPE = YES_ERROR;
				GCC_WARN_UNDECLARED_SELECTOR = YES;
				GCC_WARN_UNINITIALIZED_AUTOS = YES_AGGRESSIVE;
				GCC_WARN_UNUSED_FUNCTION = YES;
				GCC_WARN_UNUSED_VARIABLE = YES;
				MACOSX_DEPLOYMENT_TARGET = 10.13;
				MTL_ENABLE_DEBUG_INFO = YES;
				ONLY_ACTIVE_ARCH = YES;
				SDKROOT = macosx;
			};
			name = Debug;
		};
		A90AA7A62103C85300287CFA /* Release */ = {
			isa = XCBuildConfiguration;
			buildSettings = {
				ALWAYS_SEARCH_USER_PATHS = NO;
				CLANG_ANALYZER_NONNULL = YES;
				CLANG_ANALYZER_NUMBER_OBJECT_CONVERSION = YES_AGGRESSIVE;
				CLANG_CXX_LANGUAGE_STANDARD = "gnu++14";
				CLANG_CXX_LIBRARY = "libc++";
				CLANG_ENABLE_MODULES = YES;
				CLANG_ENABLE_OBJC_ARC = YES;
				CLANG_ENABLE_OBJC_WEAK = YES;
				CLANG_WARN_BLOCK_CAPTURE_AUTORELEASING = YES;
				CLANG_WARN_BOOL_CONVERSION = YES;
				CLANG_WARN_COMMA = YES;
				CLANG_WARN_CONSTANT_CONVERSION = YES;
				CLANG_WARN_DEPRECATED_OBJC_IMPLEMENTATIONS = YES;
				CLANG_WARN_DIRECT_OBJC_ISA_USAGE = YES_ERROR;
				CLANG_WARN_DOCUMENTATION_COMMENTS = YES;
				CLANG_WARN_EMPTY_BODY = YES;
				CLANG_WARN_ENUM_CONVERSION = YES;
				CLANG_WARN_INFINITE_RECURSION = YES;
				CLANG_WARN_INT_CONVERSION = YES;
				CLANG_WARN_NON_LITERAL_NULL_CONVERSION = YES;
				CLANG_WARN_OBJC_IMPLICIT_RETAIN_SELF = YES;
				CLANG_WARN_OBJC_LITERAL_CONVERSION = YES;
				CLANG_WARN_OBJC_ROOT_CLASS = YES_ERROR;
				CLANG_WARN_RANGE_LOOP_ANALYSIS = YES;
				CLANG_WARN_STRICT_PROTOTYPES = YES;
				CLANG_WARN_SUSPICIOUS_MOVE = YES;
				CLANG_WARN_UNGUARDED_AVAILABILITY = YES_AGGRESSIVE;
				CLANG_WARN_UNREACHABLE_CODE = YES;
				CLANG_WARN__DUPLICATE_METHOD_MATCH = YES;
				CODE_SIGN_IDENTITY = "-";
				COPY_PHASE_STRIP = NO;
				DEBUG_INFORMATION_FORMAT = "dwarf-with-dsym";
				ENABLE_NS_ASSERTIONS = NO;
				ENABLE_STRICT_OBJC_MSGSEND = YES;
				GCC_C_LANGUAGE_STANDARD = gnu11;
				GCC_NO_COMMON_BLOCKS = YES;
				GCC_WARN_64_TO_32_BIT_CONVERSION = YES;
				GCC_WARN_ABOUT_RETURN_TYPE = YES_ERROR;
				GCC_WARN_UNDECLARED_SELECTOR = YES;
				GCC_WARN_UNINITIALIZED_AUTOS = YES_AGGRESSIVE;
				GCC_WARN_UNUSED_FUNCTION = YES;
				GCC_WARN_UNUSED_VARIABLE = YES;
				MACOSX_DEPLOYMENT_TARGET = 10.13;
				MTL_ENABLE_DEBUG_INFO = NO;
				SDKROOT = macosx;
			};
			name = Release;
		};
		A90AA7A82103C85300287CFA /* Debug */ = {
			isa = XCBuildConfiguration;
			buildSettings = {
				CODE_SIGN_STYLE = Automatic;
				PRODUCT_NAME = "$(TARGET_NAME)";
			};
			name = Debug;
		};
		A90AA7A92103C85300287CFA /* Release */ = {
			isa = XCBuildConfiguration;
			buildSettings = {
				CODE_SIGN_STYLE = Automatic;
				PRODUCT_NAME = "$(TARGET_NAME)";
			};
			name = Release;
		};
/* End XCBuildConfiguration section */

/* Begin XCConfigurationList section */
		A90AA79B2103C85300287CFA /* Build configuration list for PBXProject "titanos" */ = {
			isa = XCConfigurationList;
			buildConfigurations = (
				A90AA7A52103C85300287CFA /* Debug */,
				A90AA7A62103C85300287CFA /* Release */,
			);
			defaultConfigurationIsVisible = 0;
			defaultConfigurationName = Release;
		};
		A90AA7A72103C85300287CFA /* Build configuration list for PBXNativeTarget "titanos" */ = {
			isa = XCConfigurationList;
			buildConfigurations = (
				A90AA7A82103C85300287CFA /* Debug */,
				A90AA7A92103C85300287CFA /* Release */,
			);
			defaultConfigurationIsVisible = 0;
			defaultConfigurationName = Release;
		};
/* End XCConfigurationList section */
	};
	rootObject = A90AA7982103C85300287CFA /* Project object */;
}
